
Microsoft Visual Studio Solution File, Format Version 12.00
# Visual Studio Version 16
VisualStudioVersion = 16.0.30907.101
MinimumVisualStudioVersion = 10.0.40219.1
Project("{9A19103F-16F7-4668-BE54-9A1E7A4F7556}") = "EmailProvider", "EmailProvider\EmailProvider.csproj", "{ECD6AF7F-F8C2-42E9-854C-4AFD385DED50}"
EndProject
Project("{9A19103F-16F7-4668-BE54-9A1E7A4F7556}") = "RoleUserApi", "RoleUserApi\RoleUserApi.csproj", "{3A058C78-DDFC-4E51-83AF-E51689ED8836}"
EndProject
Global
	GlobalSection(SolutionConfigurationPlatforms) = preSolution
		Debug|Any CPU = Debug|Any CPU
		Release|Any CPU = Release|Any CPU
	EndGlobalSection
	GlobalSection(ProjectConfigurationPlatforms) = postSolution
		{ECD6AF7F-F8C2-42E9-854C-4AFD385DED50}.Debug|Any CPU.ActiveCfg = Debug|Any CPU
		{ECD6AF7F-F8C2-42E9-854C-4AFD385DED50}.Debug|Any CPU.Build.0 = Debug|Any CPU
		{ECD6AF7F-F8C2-42E9-854C-4AFD385DED50}.Release|Any CPU.ActiveCfg = Release|Any CPU
		{ECD6AF7F-F8C2-42E9-854C-4AFD385DED50}.Release|Any CPU.Build.0 = Release|Any CPU
		{3A058C78-DDFC-4E51-83AF-E51689ED8836}.Debug|Any CPU.ActiveCfg = Debug|Any CPU
		{3A058C78-DDFC-4E51-83AF-E51689ED8836}.Debug|Any CPU.Build.0 = Debug|Any CPU
		{3A058C78-DDFC-4E51-83AF-E51689ED8836}.Release|Any CPU.ActiveCfg = Release|Any CPU
		{3A058C78-DDFC-4E51-83AF-E51689ED8836}.Release|Any CPU.Build.0 = Release|Any CPU
	EndGlobalSection
	GlobalSection(SolutionProperties) = preSolution
		HideSolutionNode = FALSE
	EndGlobalSection
	GlobalSection(ExtensibilityGlobals) = postSolution
		SolutionGuid = {A0E57E18-4617-4450-A4E8-927789DC3267}
	EndGlobalSection
EndGlobal
